Microsoft Visual Studio Solution File, Format Version 12.00
# Visual Studio Version 17
VisualStudioVersion = 17.0.31903.59
MinimumVisualStudioVersion = 10.0.40219.1
Project("{FAE04EC0-301F-11D3-BF4B-00C04F79EFBC}") = "Guance.Rum.Windows", "src\Guance.Rum.Windows\Guance.Rum.Windows.csproj", "{CE1FF981-EE57-40AE-BC28-FEA0407F690B}"
EndProject
Project("{FAE04EC0-301F-11D3-BF4B-00C04F79EFBC}") = "Guance.Rum.Windows.Tests", "tests\Guance.Rum.Windows.Tests\Guance.Rum.Windows.Tests.csproj", "{23BE1E32-F7BF-47EA-BE4E-7E369E57AEFB}"
EndProject
Project("{FAE04EC0-301F-11D3-BF4B-00C04F79EFBC}") = "Guance.Rum.CrashSmoke", "tests\Guance.Rum.CrashSmoke\Guance.Rum.CrashSmoke.csproj", "{F4F1DAF6-148E-42E3-B68B-31715E071908}"
EndProject
Project("{FAE04EC0-301F-11D3-BF4B-00C04F79EFBC}") = "WpfSample", "samples\WpfSample\WpfSample.csproj", "{33A48274-8BC8-4A30-BDBB-E011835BC2D8}"
EndProject
Project("{FAE04EC0-301F-11D3-BF4B-00C04F79EFBC}") = "WinFormsSample", "samples\WinFormsSample\WinFormsSample.csproj", "{A9499EEC-1BF8-4918-A763-C1F2CBA021B3}"
EndProject
Project("{FAE04EC0-301F-11D3-BF4B-00C04F79EFBC}") = "WinUI3Sample", "samples\WinUI3Sample\WinUI3Sample.csproj", "{29D244E7-7B9B-49D7-86DE-23280841315D}"
EndProject
Global
	GlobalSection(SolutionConfigurationPlatforms) = preSolution
		Debug|Any CPU = Debug|Any CPU
		Debug|x64 = Debug|x64
		Release|Any CPU = Release|Any CPU
		Release|x64 = Release|x64
	EndGlobalSection
	GlobalSection(ProjectConfigurationPlatforms) = postSolution
		{CE1FF981-EE57-40AE-BC28-FEA0407F690B}.Debug|Any CPU.ActiveCfg = Debug|Any CPU
		{CE1FF981-EE57-40AE-BC28-FEA0407F690B}.Debug|Any CPU.Build.0 = Debug|Any CPU
		{CE1FF981-EE57-40AE-BC28-FEA0407F690B}.Debug|x64.ActiveCfg = Debug|Any CPU
		{CE1FF981-EE57-40AE-BC28-FEA0407F690B}.Debug|x64.Build.0 = Debug|Any CPU
		{CE1FF981-EE57-40AE-BC28-FEA0407F690B}.Release|Any CPU.ActiveCfg = Release|Any CPU
		{CE1FF981-EE57-40AE-BC28-FEA0407F690B}.Release|Any CPU.Build.0 = Release|Any CPU
		{CE1FF981-EE57-40AE-BC28-FEA0407F690B}.Release|x64.ActiveCfg = Release|Any CPU
		{CE1FF981-EE57-40AE-BC28-FEA0407F690B}.Release|x64.Build.0 = Release|Any CPU
		{23BE1E32-F7BF-47EA-BE4E-7E369E57AEFB}.Debug|Any CPU.ActiveCfg = Debug|Any CPU
		{23BE1E32-F7BF-47EA-BE4E-7E369E57AEFB}.Debug|Any CPU.Build.0 = Debug|Any CPU
		{23BE1E32-F7BF-47EA-BE4E-7E369E57AEFB}.Debug|x64.ActiveCfg = Debug|Any CPU
		{23BE1E32-F7BF-47EA-BE4E-7E369E57AEFB}.Debug|x64.Build.0 = Debug|Any CPU
		{23BE1E32-F7BF-47EA-BE4E-7E369E57AEFB}.Release|Any CPU.ActiveCfg = Release|Any CPU
		{23BE1E32-F7BF-47EA-BE4E-7E369E57AEFB}.Release|Any CPU.Build.0 = Release|Any CPU
		{23BE1E32-F7BF-47EA-BE4E-7E369E57AEFB}.Release|x64.ActiveCfg = Release|Any CPU
		{23BE1E32-F7BF-47EA-BE4E-7E369E57AEFB}.Release|x64.Build.0 = Release|Any CPU
		{F4F1DAF6-148E-42E3-B68B-31715E071908}.Debug|Any CPU.ActiveCfg = Debug|Any CPU
		{F4F1DAF6-148E-42E3-B68B-31715E071908}.Debug|Any CPU.Build.0 = Debug|Any CPU
		{F4F1DAF6-148E-42E3-B68B-31715E071908}.Debug|x64.ActiveCfg = Debug|Any CPU
		{F4F1DAF6-148E-42E3-B68B-31715E071908}.Debug|x64.Build.0 = Debug|Any CPU
		{F4F1DAF6-148E-42E3-B68B-31715E071908}.Release|Any CPU.ActiveCfg = Release|Any CPU
		{F4F1DAF6-148E-42E3-B68B-31715E071908}.Release|Any CPU.Build.0 = Release|Any CPU
		{F4F1DAF6-148E-42E3-B68B-31715E071908}.Release|x64.ActiveCfg = Release|Any CPU
		{F4F1DAF6-148E-42E3-B68B-31715E071908}.Release|x64.Build.0 = Release|Any CPU
		{33A48274-8BC8-4A30-BDBB-E011835BC2D8}.Debug|Any CPU.ActiveCfg = Debug|Any CPU
		{33A48274-8BC8-4A30-BDBB-E011835BC2D8}.Debug|Any CPU.Build.0 = Debug|Any CPU
		{33A48274-8BC8-4A30-BDBB-E011835BC2D8}.Debug|x64.ActiveCfg = Debug|Any CPU
		{33A48274-8BC8-4A30-BDBB-E011835BC2D8}.Debug|x64.Build.0 = Debug|Any CPU
		{33A48274-8BC8-4A30-BDBB-E011835BC2D8}.Release|Any CPU.ActiveCfg = Release|Any CPU
		{33A48274-8BC8-4A30-BDBB-E011835BC2D8}.Release|Any CPU.Build.0 = Release|Any CPU
		{33A48274-8BC8-4A30-BDBB-E011835BC2D8}.Release|x64.ActiveCfg = Release|Any CPU
		{33A48274-8BC8-4A30-BDBB-E011835BC2D8}.Release|x64.Build.0 = Release|Any CPU
		{A9499EEC-1BF8-4918-A763-C1F2CBA021B3}.Debug|Any CPU.ActiveCfg = Debug|Any CPU
		{A9499EEC-1BF8-4918-A763-C1F2CBA021B3}.Debug|Any CPU.Build.0 = Debug|Any CPU
		{A9499EEC-1BF8-4918-A763-C1F2CBA021B3}.Debug|x64.ActiveCfg = Debug|Any CPU
		{A9499EEC-1BF8-4918-A763-C1F2CBA021B3}.Debug|x64.Build.0 = Debug|Any CPU
		{A9499EEC-1BF8-4918-A763-C1F2CBA021B3}.Release|Any CPU.ActiveCfg = Release|Any CPU
		{A9499EEC-1BF8-4918-A763-C1F2CBA021B3}.Release|Any CPU.Build.0 = Release|Any CPU
		{A9499EEC-1BF8-4918-A763-C1F2CBA021B3}.Release|x64.ActiveCfg = Release|Any CPU
		{A9499EEC-1BF8-4918-A763-C1F2CBA021B3}.Release|x64.Build.0 = Release|Any CPU
		{29D244E7-7B9B-49D7-86DE-23280841315D}.Debug|Any CPU.ActiveCfg = Debug|x64
		{29D244E7-7B9B-49D7-86DE-23280841315D}.Debug|Any CPU.Build.0 = Debug|x64
		{29D244E7-7B9B-49D7-86DE-23280841315D}.Debug|x64.ActiveCfg = Debug|x64
		{29D244E7-7B9B-49D7-86DE-23280841315D}.Debug|x64.Build.0 = Debug|x64
		{29D244E7-7B9B-49D7-86DE-23280841315D}.Release|Any CPU.ActiveCfg = Release|x64
		{29D244E7-7B9B-49D7-86DE-23280841315D}.Release|Any CPU.Build.0 = Release|x64
		{29D244E7-7B9B-49D7-86DE-23280841315D}.Release|x64.ActiveCfg = Release|x64
		{29D244E7-7B9B-49D7-86DE-23280841315D}.Release|x64.Build.0 = Release|x64
	EndGlobalSection
	GlobalSection(SolutionProperties) = preSolution
		HideSolutionNode = FALSE
	EndGlobalSection
	GlobalSection(ExtensibilityGlobals) = postSolution
		SolutionGuid = {81F3B0F7-98D0-44C4-9A16-87EBAB695408}
	EndGlobalSection
EndGlobal
